
Microsoft Visual Studio Solution File, Format Version 12.00
# Visual Studio Version 17
VisualStudioVersion = 17.8.34112.27
MinimumVisualStudioVersion = 10.0.40219.1
Project("{FAE04EC0-301F-11D3-BF4B-00C04F79EFBC}") = "AcunmedyaAkademiProject2", "AcunmedyaAkademiProject2\AcunmedyaAkademiProject2.csproj", "{AA57B077-AB0E-4FB6-81A2-9FC91E9C4546}"
EndProject
Global
	GlobalSection(SolutionConfigurationPlatforms) = preSolution
		Debug|Any CPU = Debug|Any CPU
		Release|Any CPU = Release|Any CPU
	EndGlobalSection
	GlobalSection(ProjectConfigurationPlatforms) = postSolution
		{AA57B077-AB0E-4FB6-81A2-9FC91E9C4546}.Debug|Any CPU.ActiveCfg = Debug|Any CPU
		{AA57B077-AB0E-4FB6-81A2-9FC91E9C4546}.Debug|Any CPU.Build.0 = Debug|Any CPU
		{AA57B077-AB0E-4FB6-81A2-9FC91E9C4546}.Release|Any CPU.ActiveCfg = Release|Any CPU
		{AA57B077-AB0E-4FB6-81A2-9FC91E9C4546}.Release|Any CPU.Build.0 = Release|Any CPU
	EndGlobalSection
	GlobalSection(SolutionProperties) = preSolution
		HideSolutionNode = FALSE
	EndGlobalSection
	GlobalSection(ExtensibilityGlobals) = postSolution
		SolutionGuid = {C8C00838-6015-4523-BB9B-B98F1DA02056}
	EndGlobalSection
EndGlobal
